<?xml version="1.0" encoding="utf-8"?>
<Project ToolsVersion="4.0" xmlns="http://schemas.microsoft.com/developer/msbuild/2003">
  <ItemGroup>
    <Filter Include="Source Files">
      <UniqueIdentifier>{4FC737F1-C7A5-4376-A066-2A32D752A2FF}</UniqueIdentifier>
      <Extensions>cpp;c;cc;cxx;def;odl;idl;hpj;bat;asm;asmx</Extensions>
    </Filter>
    <Filter Include="Header Files">
      <UniqueIdentifier>{93995380-89BD-4b04-88EB-625FBE52EBFB}</UniqueIdentifier>
      <Extensions>h;hpp;hxx;hm;inl;inc;xsd</Extensions>
    </Filter>
    <Filter Include="Resource Files">
      <UniqueIdentifier>{67DA6AB6-F800-4c08-8B7A-83BB121AAD01}</UniqueIdentifier>
      <Extensions>rc;ico;cur;bmp;dlg;rc2;rct;bin;rgs;gif;jpg;jpeg;jpe;resx;tiff;tif;png;wav;mfcribbon-ms</Extensions>
    </Filter>
    <Filter Include="Source Files\foundation">
      <UniqueIdentifier>{48ca1aa7-6fee-459e-b409-584c870bb220}</UniqueIdentifier>
    </Filter>
    <Filter Include="Header Files\math">
      <UniqueIdentifier>{5483fef1-afa6-4385-80ae-f639906d2a57}</UniqueIdentifier>
    </Filter>
    <Filter Include="Header Files\core">
      <UniqueIdentifier>{4699a2d1-c925-481c-8e2a-2b24f932f17c}</UniqueIdentifier>
    </Filter>
    <Filter Include="Source Files\core">
      <UniqueIdentifier>{ddec92d7-55c9-4251-83f7-ca8ddad475ae}</UniqueIdentifier>
    </Filter>
    <Filter Include="Header Files\helper">
      <UniqueIdentifier>{36c37e01-5fa3-42cf-831d-7679a5e66ac7}</UniqueIdentifier>
    </Filter>
    <Filter Include="Source Files\helper">
      <UniqueIdentifier>{d3cbb344-58f8-469d-8594-e06c1f57d7ea}</UniqueIdentifier>
    </Filter>
    <Filter Include="Header Files\editor">
      <UniqueIdentifier>{cf8ba2ab-7244-47fc-99a0-7e8c1bd18399}</UniqueIdentifier>
    </Filter>
    <Filter Include="Source Files\editor">
      <UniqueIdentifier>{c56ba7fa-8778-44c9-9073-75ee32f5182d}</UniqueIdentifier>
    </Filter>
    <Filter Include="Header Files\component">
      <UniqueIdentifier>{f6acfaa7-1691-4d41-9538-5773da118b9c}</UniqueIdentifier>
    </Filter>
    <Filter Include="Source Files\component">
      <UniqueIdentifier>{8b2b30bf-1c08-48f7-a767-fae9bdf2c14b}</UniqueIdentifier>
    </Filter>
  </ItemGroup>
  <ItemGroup>
    <ClCompile Include="src\main.cpp">
      <Filter>Source Files</Filter>
    </ClCompile>
    <ClCompile Include="ext\foundation\src\memory.cpp">
      <Filter>Source Files\foundation</Filter>
    </ClCompile>
    <ClCompile Include="ext\foundation\src\murmur_hash.cpp">
      <Filter>Source Files\foundation</Filter>
    </ClCompile>
    <ClCompile Include="ext\foundation\src\string_stream.cpp">
      <Filter>Source Files\foundation</Filter>
    </ClCompile>
    <ClCompile Include="src\core\mapinfo.cpp">
      <Filter>Source Files</Filter>
    </ClCompile>
    <ClCompile Include="src\core\renderer.cpp">
      <Filter>Source Files\core</Filter>
    </ClCompile>
    <ClCompile Include="src\core\material.cpp">
      <Filter>Source Files\core</Filter>
    </ClCompile>
    <ClCompile Include="src\helpers\lodepng.cpp">
      <Filter>Source Files\helper</Filter>
    </ClCompile>
    <ClCompile Include="src\core\inputmanager.cpp">
      <Filter>Source Files\core</Filter>
    </ClCompile>
    <ClCompile Include="src\editor\mapdisplay.cpp">
      <Filter>Source Files\editor</Filter>
    </ClCompile>
    <ClCompile Include="src\component\camera.cpp">
      <Filter>Source Files\component</Filter>
    </ClCompile>
    <ClCompile Include="src\core\entity.cpp">
      <Filter>Source Files\core</Filter>
    </ClCompile>
    <ClCompile Include="src\core\collisionmanager.cpp">
      <Filter>Source Files\core</Filter>
    </ClCompile>
    <ClCompile Include="src\component\spherecollider.cpp">
      <Filter>Source Files\component</Filter>
    </ClCompile>
    <ClCompile Include="src\component\behaviour.cpp">
      <Filter>Source Files\component</Filter>
    </ClCompile>
  </ItemGroup>
  <ItemGroup>
    <ClInclude Include="include\math\mat4x4.h">
      <Filter>Header Files\math</Filter>
    </ClInclude>
    <ClInclude Include="include\math\math_types.h">
      <Filter>Header Files\math</Filter>
    </ClInclude>
    <ClInclude Include="include\math\quaternion.h">
      <Filter>Header Files\math</Filter>
    </ClInclude>
    <ClInclude Include="include\math\vector2.h">
      <Filter>Header Files\math</Filter>
    </ClInclude>
    <ClInclude Include="include\math\vector3.h">
      <Filter>Header Files\math</Filter>
    </ClInclude>
    <ClInclude Include="include\math\vector4.h">
      <Filter>Header Files\math</Filter>
    </ClInclude>
    <ClInclude Include="include\math\ray.h">
      <Filter>Header Files\math</Filter>
    </ClInclude>
    <ClInclude Include="include\map_types.h">
      <Filter>Header Files</Filter>
    </ClInclude>
    <ClInclude Include="include\core\renderer.h">
      <Filter>Header Files</Filter>
    </ClInclude>
    <ClInclude Include="include\mapinfo.h">
      <Filter>Header Files\core</Filter>
    </ClInclude>
    <ClInclude Include="include\core\material.h">
      <Filter>Header Files\core</Filter>
    </ClInclude>
    <ClInclude Include="include\core\objectmanager.h">
      <Filter>Header Files\core</Filter>
    </ClInclude>
    <ClInclude Include="include\helper\lodepng.h">
      <Filter>Header Files\helper</Filter>
    </ClInclude>
    <ClInclude Include="include\helper\helpers.h">
      <Filter>Header Files\helper</Filter>
    </ClInclude>
    <ClInclude Include="include\core\inputmanager.h">
      <Filter>Header Files\core</Filter>
    </ClInclude>
    <ClInclude Include="include\editor\mapdisplay.h">
      <Filter>Header Files\editor</Filter>
    </ClInclude>
    <ClInclude Include="include\core\component.h">
      <Filter>Header Files\core</Filter>
    </ClInclude>
    <ClInclude Include="include\component\camera.h">
      <Filter>Header Files\component</Filter>
    </ClInclude>
    <ClInclude Include="include\core\entity.h">
      <Filter>Header Files\core</Filter>
    </ClInclude>
    <ClInclude Include="include\component\spherecollider.h">
      <Filter>Header Files\component</Filter>
    </ClInclude>
    <ClInclude Include="include\core\collisionmanager.h">
      <Filter>Header Files\core</Filter>
    </ClInclude>
    <ClInclude Include="include\component\behaviour.h">
      <Filter>Header Files\component</Filter>
    </ClInclude>
  </ItemGroup>
</Project>